
Microsoft Visual Studio Solution File, Format Version 12.00
# Visual Studio 15
Project("{FAE04EC0-301F-11D3-BF4B-00C04F79EFBC}") = "Assembly-CSharp", "Assembly-CSharp.csproj", "{DB72164A-707E-6808-CAF9-96D99AA724D9}"
EndProject
Global
	GlobalSection(SolutionConfigurationPlatforms) = preSolution
		Debug|Any CPU = Debug|Any CPU
		Release|Any CPU = Release|Any CPU
	EndGlobalSection
	GlobalSection(ProjectConfigurationPlatforms) = postSolution
		{DB72164A-707E-6808-CAF9-96D99AA724D9}.Debug|Any CPU.ActiveCfg = Debug|Any CPU
		{DB72164A-707E-6808-CAF9-96D99AA724D9}.Debug|Any CPU.Build.0 = Debug|Any CPU
		{DB72164A-707E-6808-CAF9-96D99AA724D9}.Release|Any CPU.ActiveCfg = Release|Any CPU
		{DB72164A-707E-6808-CAF9-96D99AA724D9}.Release|Any CPU.Build.0 = Release|Any CPU
	EndGlobalSection
	GlobalSection(SolutionProperties) = preSolution
		HideSolutionNode = FALSE
	EndGlobalSection
EndGlobal
